// !$*UTF8*$!
{
	archiveVersion = 1;
	classes = {
	};
	objectVersion = 46;
	objects = {

/* Begin PBXBuildFile section */
		8449DDA21CDC342A0011A3A0 /* main.m in Sources */ = {isa = PBXBuildFile; fileRef = 8449DDA11CDC342A0011A3A0 /* main.m */; };
		8449DDA51CDC342A0011A3A0 /* AppDelegate.m in Sources */ = {isa = PBXBuildFile; fileRef = 8449DDA41CDC342A0011A3A0 /* AppDelegate.m */; };
		8449DDA81CDC342A0011A3A0 /* ViewController.m in Sources */ = {isa = PBXBuildFile; fileRef = 8449DDA71CDC342A0011A3A0 /* ViewController.m */; };
		8449DDAB1CDC342A0011A3A0 /* Main.storyboard in Resources */ = {isa = PBXBuildFile; fileRef = 8449DDA91CDC342A0011A3A0 /* Main.storyboard */; };
		8449DDAD1CDC342A0011A3A0 /* Assets.xcassets in Resources */ = {isa = PBXBuildFile; fileRef = 8449DDAC1CDC342A0011A3A0 /* Assets.xcassets */; };
		8449DDB01CDC342A0011A3A0 /* LaunchScreen.storyboard in Resources */ = {isa = PBXBuildFile; fileRef = 8449DDAE1CDC342A0011A3A0 /* LaunchScreen.storyboard */; };
		8449DDBB1CDC342A0011A3A0 /* ShoppingCartTests.m in Sources */ = {isa = PBXBuildFile; fileRef = 8449DDBA1CDC342A0011A3A0 /* ShoppingCartTests.m */; };
		8449DDC61CDC342A0011A3A0 /* ShoppingCartUITests.m in Sources */ = {isa = PBXBuildFile; fileRef = 8449DDC51CDC342A0011A3A0 /* ShoppingCartUITests.m */; };
		8449DDE11CDC34CF0011A3A0 /* AddNumView.m in Sources */ = {isa = PBXBuildFile; fileRef = 8449DDD51CDC34CF0011A3A0 /* AddNumView.m */; };
		8449DDE21CDC34CF0011A3A0 /* ShoppingCartViewController.m in Sources */ = {isa = PBXBuildFile; fileRef = 8449DDD71CDC34CF0011A3A0 /* ShoppingCartViewController.m */; };
		8449DDE31CDC34CF0011A3A0 /* ShoppingCartViewController.xib in Resources */ = {isa = PBXBuildFile; fileRef = 8449DDD81CDC34CF0011A3A0 /* ShoppingCartViewController.xib */; };
		8449DDE41CDC34CF0011A3A0 /* ShoppingTableView.m in Sources */ = {isa = PBXBuildFile; fileRef = 8449DDDA1CDC34CF0011A3A0 /* ShoppingTableView.m */; };
		8449DDE51CDC34CF0011A3A0 /* ShoppingTableViewCell.m in Sources */ = {isa = PBXBuildFile; fileRef = 8449DDDC1CDC34CF0011A3A0 /* ShoppingTableViewCell.m */; };
		8449DDE61CDC34CF0011A3A0 /* EditCartView.m in Sources */ = {isa = PBXBuildFile; fileRef = 8449DDDE1CDC34CF0011A3A0 /* EditCartView.m */; };
		8449DDE71CDC34CF0011A3A0 /* ShoppingBtn.m in Sources */ = {isa = PBXBuildFile; fileRef = 8449DDE01CDC34CF0011A3A0 /* ShoppingBtn.m */; };
		8449DDEC1CDC34E00011A3A0 /* headurl.png in Resources */ = {isa = PBXBuildFile; fileRef = 8449DDE81CDC34E00011A3A0 /* headurl.png */; };
		8449DDED1CDC34E00011A3A0 /* Util.m in Sources */ = {isa = PBXBuildFile; fileRef = 8449DDEA1CDC34E00011A3A0 /* Util.m */; };
		8449DDF01CDC35070011A3A0 /* ShoppingModel.m in Sources */ = {isa = PBXBuildFile; fileRef = 8449DDEF1CDC35070011A3A0 /* ShoppingModel.m */; };
/* End PBXBuildFile section */

/* Begin PBXContainerItemProxy section */
		8449DDB71CDC342A0011A3A0 /* PBXContainerItemProxy */ = {
			isa = PBXContainerItemProxy;
			containerPortal = 8449DD951CDC342A0011A3A0 /* Project object */;
			proxyType = 1;
			remoteGlobalIDString = 8449DD9C1CDC342A0011A3A0;
			remoteInfo = ShoppingCart;
		};
		8449DDC21CDC342A0011A3A0 /* PBXContainerItemProxy */ = {
			isa = PBXContainerItemProxy;
			containerPortal = 8449DD951CDC342A0011A3A0 /* Project object */;
			proxyType = 1;
			remoteGlobalIDString = 8449DD9C1CDC342A0011A3A0;
			remoteInfo = ShoppingCart;
		};
/* End PBXContainerItemProxy section */

/* Begin PBXFileReference section */
		8449DD9D1CDC342A0011A3A0 /* ShoppingCart.app */ = {isa = PBXFileReference; explicitFileType = wrapper.application; includeInIndex = 0; path = ShoppingCart.app; sourceTree = BUILT_PRODUCTS_DIR; };
		8449DDA11CDC342A0011A3A0 /* main.m */ = {isa = PBXFileReference; lastKnownFileType = sourcecode.c.objc; path = main.m; sourceTree = "<group>"; };
		8449DDA31CDC342A0011A3A0 /* AppDelegate.h */ = {isa = PBXFileReference; lastKnownFileType = sourcecode.c.h; path = AppDelegate.h; sourceTree = "<group>"; };
		8449DDA41CDC342A0011A3A0 /* AppDelegate.m */ = {isa = PBXFileReference; lastKnownFileType = sourcecode.c.objc; path = AppDelegate.m; sourceTree = "<group>"; };
		8449DDA61CDC342A0011A3A0 /* ViewController.h */ = {isa = PBXFileReference; lastKnownFileType = sourcecode.c.h; path = ViewController.h; sourceTree = "<group>"; };
		8449DDA71CDC342A0011A3A0 /* ViewController.m */ = {isa = PBXFileReference; lastKnownFileType = sourcecode.c.objc; path = ViewController.m; sourceTree = "<group>"; };
		8449DDAA1CDC342A0011A3A0 /* Base */ = {isa = PBXFileReference; lastKnownFileType = file.storyboard; name = Base; path = Base.lproj/Main.storyboard; sourceTree = "<group>"; };
		8449DDAC1CDC342A0011A3A0 /* Assets.xcassets */ = {isa = PBXFileReference; lastKnownFileType = folder.assetcatalog; path = Assets.xcassets; sourceTree = "<group>"; };
		8449DDAF1CDC342A0011A3A0 /* Base */ = {isa = PBXFileReference; lastKnownFileType = file.storyboard; name = Base; path = Base.lproj/LaunchScreen.storyboard; sourceTree = "<group>"; };
		8449DDB11CDC342A0011A3A0 /* Info.plist */ = {isa = PBXFileReference; lastKnownFileType = text.plist.xml; path = Info.plist; sourceTree = "<group>"; };
		8449DDB61CDC342A0011A3A0 /* ShoppingCartTests.xctest */ = {isa = PBXFileReference; explicitFileType = wrapper.cfbundle; includeInIndex = 0; path = ShoppingCartTests.xctest; sourceTree = BUILT_PRODUCTS_DIR; };
		8449DDBA1CDC342A0011A3A0 /* ShoppingCartTests.m */ = {isa = PBXFileReference; lastKnownFileType = sourcecode.c.objc; path = ShoppingCartTests.m; sourceTree = "<group>"; };
		8449DDBC1CDC342A0011A3A0 /* Info.plist */ = {isa = PBXFileReference; lastKnownFileType = text.plist.xml; path = Info.plist; sourceTree = "<group>"; };
		8449DDC11CDC342A0011A3A0 /* ShoppingCartUITests.xctest */ = {isa = PBXFileReference; explicitFileType = wrapper.cfbundle; includeInIndex = 0; path = ShoppingCartUITests.xctest; sourceTree = BUILT_PRODUCTS_DIR; };
		8449DDC51CDC342A0011A3A0 /* ShoppingCartUITests.m */ = {isa = PBXFileReference; lastKnownFileType = sourcecode.c.objc; path = ShoppingCartUITests.m; sourceTree = "<group>"; };
		8449DDC71CDC342A0011A3A0 /* Info.plist */ = {isa = PBXFileReference; lastKnownFileType = text.plist.xml; path = Info.plist; sourceTree = "<group>"; };
		8449DDD41CDC34CF0011A3A0 /* AddNumView.h */ = {isa = PBXFileReference; fileEncoding = 4; lastKnownFileType = sourcecode.c.h; path = AddNumView.h; sourceTree = "<group>"; };
		8449DDD51CDC34CF0011A3A0 /* AddNumView.m */ = {isa = PBXFileReference; fileEncoding = 4; lastKnownFileType = sourcecode.c.objc; path = AddNumView.m; sourceTree = "<group>"; };
		8449DDD61CDC34CF0011A3A0 /* ShoppingCartViewController.h */ = {isa = PBXFileReference; fileEncoding = 4; lastKnownFileType = sourcecode.c.h; path = ShoppingCartViewController.h; sourceTree = "<group>"; };
		8449DDD71CDC34CF0011A3A0 /* ShoppingCartViewController.m */ = {isa = PBXFileReference; fileEncoding = 4; lastKnownFileType = sourcecode.c.objc; path = ShoppingCartViewController.m; sourceTree = "<group>"; };
		8449DDD81CDC34CF0011A3A0 /* ShoppingCartViewController.xib */ = {isa = PBXFileReference; fileEncoding = 4; lastKnownFileType = file.xib; path = ShoppingCartViewController.xib; sourceTree = "<group>"; };
		8449DDD91CDC34CF0011A3A0 /* ShoppingTableView.h */ = {isa = PBXFileReference; fileEncoding = 4; lastKnownFileType = sourcecode.c.h; path = ShoppingTableView.h; sourceTree = "<group>"; };
		8449DDDA1CDC34CF0011A3A0 /* ShoppingTableView.m */ = {isa = PBXFileReference; fileEncoding = 4; lastKnownFileType = sourcecode.c.objc; path = ShoppingTableView.m; sourceTree = "<group>"; };
		8449DDDB1CDC34CF0011A3A0 /* ShoppingTableViewCell.h */ = {isa = PBXFileReference; fileEncoding = 4; lastKnownFileType = sourcecode.c.h; path = ShoppingTableViewCell.h; sourceTree = "<group>"; };
		8449DDDC1CDC34CF0011A3A0 /* ShoppingTableViewCell.m */ = {isa = PBXFileReference; fileEncoding = 4; lastKnownFileType = sourcecode.c.objc; path = ShoppingTableViewCell.m; sourceTree = "<group>"; };
		8449DDDD1CDC34CF0011A3A0 /* EditCartView.h */ = {isa = PBXFileReference; fileEncoding = 4; lastKnownFileType = sourcecode.c.h; path = EditCartView.h; sourceTree = "<group>"; };
		8449DDDE1CDC34CF0011A3A0 /* EditCartView.m */ = {isa = PBXFileReference; fileEncoding = 4; lastKnownFileType = sourcecode.c.objc; path = EditCartView.m; sourceTree = "<group>"; };
		8449DDDF1CDC34CF0011A3A0 /* ShoppingBtn.h */ = {isa = PBXFileReference; fileEncoding = 4; lastKnownFileType = sourcecode.c.h; path = ShoppingBtn.h; sourceTree = "<group>"; };
		8449DDE01CDC34CF0011A3A0 /* ShoppingBtn.m */ = {isa = PBXFileReference; fileEncoding = 4; lastKnownFileType = sourcecode.c.objc; path = ShoppingBtn.m; sourceTree = "<group>"; };
		8449DDE81CDC34E00011A3A0 /* headurl.png */ = {isa = PBXFileReference; lastKnownFileType = image.png; path = headurl.png; sourceTree = "<group>"; };
		8449DDE91CDC34E00011A3A0 /* Util.h */ = {isa = PBXFileReference; fileEncoding = 4; lastKnownFileType = sourcecode.c.h; path = Util.h; sourceTree = "<group>"; };
		8449DDEA1CDC34E00011A3A0 /* Util.m */ = {isa = PBXFileReference; fileEncoding = 4; lastKnownFileType = sourcecode.c.objc; path = Util.m; sourceTree = "<group>"; };
		8449DDEB1CDC34E00011A3A0 /* Header.h */ = {isa = PBXFileReference; fileEncoding = 4; lastKnownFileType = sourcecode.c.h; path = Header.h; sourceTree = "<group>"; };
		8449DDEE1CDC35070011A3A0 /* ShoppingModel.h */ = {isa = PBXFileReference; fileEncoding = 4; lastKnownFileType = sourcecode.c.h; path = ShoppingModel.h; sourceTree = "<group>"; };
		8449DDEF1CDC35070011A3A0 /* ShoppingModel.m */ = {isa = PBXFileReference; fileEncoding = 4; lastKnownFileType = sourcecode.c.objc; path = ShoppingModel.m; sourceTree = "<group>"; };
/* End PBXFileReference section */

/* Begin PBXFrameworksBuildPhase section */
		8449DD9A1CDC342A0011A3A0 /* Frameworks */ = {
			isa = PBXFrameworksBuildPhase;
			buildActionMask = 2147483647;
			files = (
			);
			runOnlyForDeploymentPostprocessing = 0;
		};
		8449DDB31CDC342A0011A3A0 /* Frameworks */ = {
			isa = PBXFrameworksBuildPhase;
			buildActionMask = 2147483647;
			files = (
			);
			runOnlyForDeploymentPostprocessing = 0;
		};
		8449DDBE1CDC342A0011A3A0 /* Frameworks */ = {
			isa = PBXFrameworksBuildPhase;
			buildActionMask = 2147483647;
			files = (
			);
			runOnlyForDeploymentPostprocessing = 0;
		};
/* End PBXFrameworksBuildPhase section */

/* Begin PBXGroup section */
		8449DD941CDC342A0011A3A0 = {
			isa = PBXGroup;
			children = (
				8449DD9F1CDC342A0011A3A0 /* ShoppingCart */,
				8449DDB91CDC342A0011A3A0 /* ShoppingCartTests */,
				8449DDC41CDC342A0011A3A0 /* ShoppingCartUITests */,
				8449DD9E1CDC342A0011A3A0 /* Products */,
			);
			sourceTree = "<group>";
		};
		8449DD9E1CDC342A0011A3A0 /* Products */ = {
			isa = PBXGroup;
			children = (
				8449DD9D1CDC342A0011A3A0 /* ShoppingCart.app */,
				8449DDB61CDC342A0011A3A0 /* ShoppingCartTests.xctest */,
				8449DDC11CDC342A0011A3A0 /* ShoppingCartUITests.xctest */,
			);
			name = Products;
			sourceTree = "<group>";
		};
		8449DD9F1CDC342A0011A3A0 /* ShoppingCart */ = {
			isa = PBXGroup;
			children = (
				8449DDE81CDC34E00011A3A0 /* headurl.png */,
				8449DDE91CDC34E00011A3A0 /* Util.h */,
				8449DDEA1CDC34E00011A3A0 /* Util.m */,
				8449DDEB1CDC34E00011A3A0 /* Header.h */,
				8449DDD31CDC34BC0011A3A0 /* ShoppingCart */,
				8449DDA31CDC342A0011A3A0 /* AppDelegate.h */,
				8449DDA41CDC342A0011A3A0 /* AppDelegate.m */,
				8449DDA61CDC342A0011A3A0 /* ViewController.h */,
				8449DDA71CDC342A0011A3A0 /* ViewController.m */,
				8449DDA91CDC342A0011A3A0 /* Main.storyboard */,
				8449DDAC1CDC342A0011A3A0 /* Assets.xcassets */,
				8449DDAE1CDC342A0011A3A0 /* LaunchScreen.storyboard */,
				8449DDB11CDC342A0011A3A0 /* Info.plist */,
				8449DDA01CDC342A0011A3A0 /* Supporting Files */,
			);
			path = ShoppingCart;
			sourceTree = "<group>";
		};
		8449DDA01CDC342A0011A3A0 /* Supporting Files */ = {
			isa = PBXGroup;
			children = (
				8449DDA11CDC342A0011A3A0 /* main.m */,
			);
			name = "Supporting Files";
			sourceTree = "<group>";
		};
		8449DDB91CDC342A0011A3A0 /* ShoppingCartTests */ = {
			isa = PBXGroup;
			children = (
				8449DDBA1CDC342A0011A3A0 /* ShoppingCartTests.m */,
				8449DDBC1CDC342A0011A3A0 /* Info.plist */,
			);
			path = ShoppingCartTests;
			sourceTree = "<group>";
		};
		8449DDC41CDC342A0011A3A0 /* ShoppingCartUITests */ = {
			isa = PBXGroup;
			children = (
				8449DDC51CDC342A0011A3A0 /* ShoppingCartUITests.m */,
				8449DDC71CDC342A0011A3A0 /* Info.plist */,
			);
			path = ShoppingCartUITests;
			sourceTree = "<group>";
		};
		8449DDD31CDC34BC0011A3A0 /* ShoppingCart */ = {
			isa = PBXGroup;
			children = (
				8449DDEE1CDC35070011A3A0 /* ShoppingModel.h */,
				8449DDEF1CDC35070011A3A0 /* ShoppingModel.m */,
				8449DDD61CDC34CF0011A3A0 /* ShoppingCartViewController.h */,
				8449DDD71CDC34CF0011A3A0 /* ShoppingCartViewController.m */,
				8449DDD81CDC34CF0011A3A0 /* ShoppingCartViewController.xib */,
				8449DDD91CDC34CF0011A3A0 /* ShoppingTableView.h */,
				8449DDDA1CDC34CF0011A3A0 /* ShoppingTableView.m */,
				8449DDDB1CDC34CF0011A3A0 /* ShoppingTableViewCell.h */,
				8449DDDC1CDC34CF0011A3A0 /* ShoppingTableViewCell.m */,
				8449DDD41CDC34CF0011A3A0 /* AddNumView.h */,
				8449DDD51CDC34CF0011A3A0 /* AddNumView.m */,
				8449DDDD1CDC34CF0011A3A0 /* EditCartView.h */,
				8449DDDE1CDC34CF0011A3A0 /* EditCartView.m */,
				8449DDDF1CDC34CF0011A3A0 /* ShoppingBtn.h */,
				8449DDE01CDC34CF0011A3A0 /* ShoppingBtn.m */,
			);
			name = ShoppingCart;
			sourceTree = "<group>";
		};
/* End PBXGroup section */

/* Begin PBXNativeTarget section */
		8449DD9C1CDC342A0011A3A0 /* ShoppingCart */ = {
			isa = PBXNativeTarget;
			buildConfigurationList = 8449DDCA1CDC342A0011A3A0 /* Build configuration list for PBXNativeTarget "ShoppingCart" */;
			buildPhases = (
				8449DD991CDC342A0011A3A0 /* Sources */,
				8449DD9A1CDC342A0011A3A0 /* Frameworks */,
				8449DD9B1CDC342A0011A3A0 /* Resources */,
			);
			buildRules = (
			);
			dependencies = (
			);
			name = ShoppingCart;
			productName = ShoppingCart;
			productReference = 8449DD9D1CDC342A0011A3A0 /* ShoppingCart.app */;
			productType = "com.apple.product-type.application";
		};
		8449DDB51CDC342A0011A3A0 /* ShoppingCartTests */ = {
			isa = PBXNativeTarget;
			buildConfigurationList = 8449DDCD1CDC342A0011A3A0 /* Build configuration list for PBXNativeTarget "ShoppingCartTests" */;
			buildPhases = (
				8449DDB21CDC342A0011A3A0 /* Sources */,
				8449DDB31CDC342A0011A3A0 /* Frameworks */,
				8449DDB41CDC342A0011A3A0 /* Resources */,
			);
			buildRules = (
			);
			dependencies = (
				8449DDB81CDC342A0011A3A0 /* PBXTargetDependency */,
			);
			name = ShoppingCartTests;
			productName = ShoppingCartTests;
			productReference = 8449DDB61CDC342A0011A3A0 /* ShoppingCartTests.xctest */;
			productType = "com.apple.product-type.bundle.unit-test";
		};
		8449DDC01CDC342A0011A3A0 /* ShoppingCartUITests */ = {
			isa = PBXNativeTarget;
			buildConfigurationList = 8449DDD01CDC342A0011A3A0 /* Build configuration list for PBXNativeTarget "ShoppingCartUITests" */;
			buildPhases = (
				8449DDBD1CDC342A0011A3A0 /* Sources */,
				8449DDBE1CDC342A0011A3A0 /* Frameworks */,
				8449DDBF1CDC342A0011A3A0 /* Resources */,
			);
			buildRules = (
			);
			dependencies = (
				8449DDC31CDC342A0011A3A0 /* PBXTargetDependency */,
			);
			name = ShoppingCartUITests;
			productName = ShoppingCartUITests;
			productReference = 8449DDC11CDC342A0011A3A0 /* ShoppingCartUITests.xctest */;
			productType = "com.apple.product-type.bundle.ui-testing";
		};
/* End PBXNativeTarget section */

/* Begin PBXProject section */
		8449DD951CDC342A0011A3A0 /* Project object */ = {
			isa = PBXProject;
			attributes = {
				LastUpgradeCheck = 0730;
				ORGANIZATIONNAME = admin;
				TargetAttributes = {
					8449DD9C1CDC342A0011A3A0 = {
						CreatedOnToolsVersion = 7.3;
					};
					8449DDB51CDC342A0011A3A0 = {
						CreatedOnToolsVersion = 7.3;
						TestTargetID = 8449DD9C1CDC342A0011A3A0;
					};
					8449DDC01CDC342A0011A3A0 = {
						CreatedOnToolsVersion = 7.3;
						TestTargetID = 8449DD9C1CDC342A0011A3A0;
					};
				};
			};
			buildConfigurationList = 8449DD981CDC342A0011A3A0 /* Build configuration list for PBXProject "ShoppingCart" */;
			compatibilityVersion = "Xcode 3.2";
			developmentRegion = English;
			hasScannedForEncodings = 0;
			knownRegions = (
				en,
				Base,
			);
			mainGroup = 8449DD941CDC342A0011A3A0;
			productRefGroup = 8449DD9E1CDC342A0011A3A0 /* Products */;
			projectDirPath = "";
			projectRoot = "";
			targets = (
				8449DD9C1CDC342A0011A3A0 /* ShoppingCart */,
				8449DDB51CDC342A0011A3A0 /* ShoppingCartTests */,
				8449DDC01CDC342A0011A3A0 /* ShoppingCartUITests */,
			);
		};
/* End PBXProject section */

/* Begin PBXResourcesBuildPhase section */
		8449DD9B1CDC342A0011A3A0 /* Resources */ = {
			isa = PBXResourcesBuildPhase;
			buildActionMask = 2147483647;
			files = (
				8449DDE31CDC34CF0011A3A0 /* ShoppingCartViewController.xib in Resources */,
				8449DDB01CDC342A0011A3A0 /* LaunchScreen.storyboard in Resources */,
				8449DDAD1CDC342A0011A3A0 /* Assets.xcassets in Resources */,
				8449DDEC1CDC34E00011A3A0 /* headurl.png in Resources */,
				8449DDAB1CDC342A0011A3A0 /* Main.storyboard in Resources */,
			);
			runOnlyForDeploymentPostprocessing = 0;
		};
		8449DDB41CDC342A0011A3A0 /* Resources */ = {
			isa = PBXResourcesBuildPhase;
			buildActionMask = 2147483647;
			files = (
			);
			runOnlyForDeploymentPostprocessing = 0;
		};
		8449DDBF1CDC342A0011A3A0 /* Resources */ = {
			isa = PBXResourcesBuildPhase;
			buildActionMask = 2147483647;
			files = (
			);
			runOnlyForDeploymentPostprocessing = 0;
		};
/* End PBXResourcesBuildPhase section */

/* Begin PBXSourcesBuildPhase section */
		8449DD991CDC342A0011A3A0 /* Sources */ = {
			isa = PBXSourcesBuildPhase;
			buildActionMask = 2147483647;
			files = (
				8449DDA81CDC342A0011A3A0 /* ViewController.m in Sources */,
				8449DDF01CDC35070011A3A0 /* ShoppingModel.m in Sources */,
				8449DDA51CDC342A0011A3A0 /* AppDelegate.m in Sources */,
				8449DDA21CDC342A0011A3A0 /* main.m in Sources */,
				8449DDE71CDC34CF0011A3A0 /* ShoppingBtn.m in Sources */,
				8449DDE51CDC34CF0011A3A0 /* ShoppingTableViewCell.m in Sources */,
				8449DDED1CDC34E00011A3A0 /* Util.m in Sources */,
				8449DDE61CDC34CF0011A3A0 /* EditCartView.m in Sources */,
				8449DDE21CDC34CF0011A3A0 /* ShoppingCartViewController.m in Sources */,
				8449DDE11CDC34CF0011A3A0 /* AddNumView.m in Sources */,
				8449DDE41CDC34CF0011A3A0 /* ShoppingTableView.m in Sources */,
			);
			runOnlyForDeploymentPostprocessing = 0;
		};
		8449DDB21CDC342A0011A3A0 /* Sources */ = {
			isa = PBXSourcesBuildPhase;
			buildActionMask = 2147483647;
			files = (
				8449DDBB1CDC342A0011A3A0 /* ShoppingCartTests.m in Sources */,
			);
			runOnlyForDeploymentPostprocessing = 0;
		};
		8449DDBD1CDC342A0011A3A0 /* Sources */ = {
			isa = PBXSourcesBuildPhase;
			buildActionMask = 2147483647;
			files = (
				8449DDC61CDC342A0011A3A0 /* ShoppingCartUITests.m in Sources */,
			);
			runOnlyForDeploymentPostprocessing = 0;
		};
/* End PBXSourcesBuildPhase section */

/* Begin PBXTargetDependency section */
		8449DDB81CDC342A0011A3A0 /* PBXTargetDependency */ = {
			isa = PBXTargetDependency;
			target = 8449DD9C1CDC342A0011A3A0 /* ShoppingCart */;
			targetProxy = 8449DDB71CDC342A0011A3A0 /* PBXContainerItemProxy */;
		};
		8449DDC31CDC342A0011A3A0 /* PBXTargetDependency */ = {
			isa = PBXTargetDependency;
			target = 8449DD9C1CDC342A0011A3A0 /* ShoppingCart */;
			targetProxy = 8449DDC21CDC342A0011A3A0 /* PBXContainerItemProxy */;
		};
/* End PBXTargetDependency section */

/* Begin PBXVariantGroup section */
		8449DDA91CDC342A0011A3A0 /* Main.storyboard */ = {
			isa = PBXVariantGroup;
			children = (
				8449DDAA1CDC342A0011A3A0 /* Base */,
			);
			name = Main.storyboard;
			sourceTree = "<group>";
		};
		8449DDAE1CDC342A0011A3A0 /* LaunchScreen.storyboard */ = {
			isa = PBXVariantGroup;
			children = (
				8449DDAF1CDC342A0011A3A0 /* Base */,
			);
			name = LaunchScreen.storyboard;
			sourceTree = "<group>";
		};
/* End PBXVariantGroup section */

/* Begin XCBuildConfiguration section */
		8449DDC81CDC342A0011A3A0 /* Debug */ = {
			isa = XCBuildConfiguration;
			buildSettings = {
				ALWAYS_SEARCH_USER_PATHS = NO;
				CLANG_ANALYZER_NONNULL = YES;
				CLANG_CXX_LANGUAGE_STANDARD = "gnu++0x";
				CLANG_CXX_LIBRARY = "libc++";
				CLANG_ENABLE_MODULES = YES;
				CLANG_ENABLE_OBJC_ARC = YES;
				CLANG_WARN_BOOL_CONVERSION = YES;
				CLANG_WARN_CONSTANT_CONVERSION = YES;
				CLANG_WARN_DIRECT_OBJC_ISA_USAGE = YES_ERROR;
				CLANG_WARN_EMPTY_BODY = YES;
				CLANG_WARN_ENUM_CONVERSION = YES;
				CLANG_WARN_INT_CONVERSION = YES;
				CLANG_WARN_OBJC_ROOT_CLASS = YES_ERROR;
				CLANG_WARN_UNREACHABLE_CODE = YES;
				CLANG_WARN__DUPLICATE_METHOD_MATCH = YES;
				"CODE_SIGN_IDENTITY[sdk=iphoneos*]" = "iPhone Developer";
				COPY_PHASE_STRIP = NO;
				DEBUG_INFORMATION_FORMAT = dwarf;
				ENABLE_STRICT_OBJC_MSGSEND = YES;
				ENABLE_TESTABILITY = YES;
				GCC_C_LANGUAGE_STANDARD = gnu99;
				GCC_DYNAMIC_NO_PIC = NO;
				GCC_NO_COMMON_BLOCKS = YES;
				GCC_OPTIMIZATION_LEVEL = 0;
				GCC_PREPROCESSOR_DEFINITIONS = (
					"DEBUG=1",
					"$(inherited)",
				);
				GCC_WARN_64_TO_32_BIT_CONVERSION = YES;
				GCC_WARN_ABOUT_RETURN_TYPE = YES_ERROR;
				GCC_WARN_UNDECLARED_SELECTOR = YES;
				GCC_WARN_UNINITIALIZED_AUTOS = YES_AGGRESSIVE;
				GCC_WARN_UNUSED_FUNCTION = YES;
				GCC_WARN_UNUSED_VARIABLE = YES;
				IPHONEOS_DEPLOYMENT_TARGET = 9.3;
				MTL_ENABLE_DEBUG_INFO = YES;
				ONLY_ACTIVE_ARCH = YES;
				SDKROOT = iphoneos;
				TARGETED_DEVICE_FAMILY = "1,2";
			};
			name = Debug;
		};
		8449DDC91CDC342A0011A3A0 /* Release */ = {
			isa = XCBuildConfiguration;
			buildSettings = {
				ALWAYS_SEARCH_USER_PATHS = NO;
				CLANG_ANALYZER_NONNULL = YES;
				CLANG_CXX_LANGUAGE_STANDARD = "gnu++0x";
				CLANG_CXX_LIBRARY = "libc++";
				CLANG_ENABLE_MODULES = YES;
				CLANG_ENABLE_OBJC_ARC = YES;
				CLANG_WARN_BOOL_CONVERSION = YES;
				CLANG_WARN_CONSTANT_CONVERSION = YES;
				CLANG_WARN_DIRECT_OBJC_ISA_USAGE = YES_ERROR;
				CLANG_WARN_EMPTY_BODY = YES;
				CLANG_WARN_ENUM_CONVERSION = YES;
				CLANG_WARN_INT_CONVERSION = YES;
				CLANG_WARN_OBJC_ROOT_CLASS = YES_ERROR;
				CLANG_WARN_UNREACHABLE_CODE = YES;
				CLANG_WARN__DUPLICATE_METHOD_MATCH = YES;
				"CODE_SIGN_IDENTITY[sdk=iphoneos*]" = "iPhone Developer";
				COPY_PHASE_STRIP = NO;
				DEBUG_INFORMATION_FORMAT = "dwarf-with-dsym";
				ENABLE_NS_ASSERTIONS = NO;
				ENABLE_STRICT_OBJC_MSGSEND = YES;
				GCC_C_LANGUAGE_STANDARD = gnu99;
				GCC_NO_COMMON_BLOCKS = YES;
				GCC_WARN_64_TO_32_BIT_CONVERSION = YES;
				GCC_WARN_ABOUT_RETURN_TYPE = YES_ERROR;
				GCC_WARN_UNDECLARED_SELECTOR = YES;
				GCC_WARN_UNINITIALIZED_AUTOS = YES_AGGRESSIVE;
				GCC_WARN_UNUSED_FUNCTION = YES;
				GCC_WARN_UNUSED_VARIABLE = YES;
				IPHONEOS_DEPLOYMENT_TARGET = 9.3;
				MTL_ENABLE_DEBUG_INFO = NO;
				SDKROOT = iphoneos;
				TARGETED_DEVICE_FAMILY = "1,2";
				VALIDATE_PRODUCT = YES;
			};
			name = Release;
		};
		8449DDCB1CDC342A0011A3A0 /* Debug */ = {
			isa = XCBuildConfiguration;
			buildSettings = {
				ASSETCATALOG_COMPILER_APPICON_NAME = AppIcon;
				INFOPLIST_FILE = ShoppingCart/Info.plist;
				LD_RUNPATH_SEARCH_PATHS = "$(inherited) @executable_path/Frameworks";
				PRODUCT_BUNDLE_IDENTIFIER = com.IMJIE.ShoppingCart;
				PRODUCT_NAME = "$(TARGET_NAME)";
			};
			name = Debug;
		};
		8449DDCC1CDC342A0011A3A0 /* Release */ = {
			isa = XCBuildConfiguration;
			buildSettings = {
				ASSETCATALOG_COMPILER_APPICON_NAME = AppIcon;
				INFOPLIST_FILE = ShoppingCart/Info.plist;
				LD_RUNPATH_SEARCH_PATHS = "$(inherited) @executable_path/Frameworks";
				PRODUCT_BUNDLE_IDENTIFIER = com.IMJIE.ShoppingCart;
				PRODUCT_NAME = "$(TARGET_NAME)";
			};
			name = Release;
		};
		8449DDCE1CDC342A0011A3A0 /* Debug */ = {
			isa = XCBuildConfiguration;
			buildSettings = {
				BUNDLE_LOADER = "$(TEST_HOST)";
				INFOPLIST_FILE = ShoppingCartTests/Info.plist;
				LD_RUNPATH_SEARCH_PATHS = "$(inherited) @executable_path/Frameworks @loader_path/Frameworks";
				PRODUCT_BUNDLE_IDENTIFIER = com.IMJIE.ShoppingCartTests;
				PRODUCT_NAME = "$(TARGET_NAME)";
				TEST_HOST = "$(BUILT_PRODUCTS_DIR)/ShoppingCart.app/ShoppingCart";
			};
			name = Debug;
		};
		8449DDCF1CDC342A0011A3A0 /* Release */ = {
			isa = XCBuildConfiguration;
			buildSettings = {
				BUNDLE_LOADER = "$(TEST_HOST)";
				INFOPLIST_FILE = ShoppingCartTests/Info.plist;
				LD_RUNPATH_SEARCH_PATHS = "$(inherited) @executable_path/Frameworks @loader_path/Frameworks";
				PRODUCT_BUNDLE_IDENTIFIER = com.IMJIE.ShoppingCartTests;
				PRODUCT_NAME = "$(TARGET_NAME)";
				TEST_HOST = "$(BUILT_PRODUCTS_DIR)/ShoppingCart.app/ShoppingCart";
			};
			name = Release;
		};
		8449DDD11CDC342A0011A3A0 /* Debug */ = {
			isa = XCBuildConfiguration;
			buildSettings = {
				INFOPLIST_FILE = ShoppingCartUITests/Info.plist;
				LD_RUNPATH_SEARCH_PATHS = "$(inherited) @executable_path/Frameworks @loader_path/Frameworks";
				PRODUCT_BUNDLE_IDENTIFIER = com.IMJIE.ShoppingCartUITests;
				PRODUCT_NAME = "$(TARGET_NAME)";
				TEST_TARGET_NAME = ShoppingCart;
			};
			name = Debug;
		};
		8449DDD21CDC342A0011A3A0 /* Release */ = {
			isa = XCBuildConfiguration;
			buildSettings = {
				INFOPLIST_FILE = ShoppingCartUITests/Info.plist;
				LD_RUNPATH_SEARCH_PATHS = "$(inherited) @executable_path/Frameworks @loader_path/Frameworks";
				PRODUCT_BUNDLE_IDENTIFIER = com.IMJIE.ShoppingCartUITests;
				PRODUCT_NAME = "$(TARGET_NAME)";
				TEST_TARGET_NAME = ShoppingCart;
			};
			name = Release;
		};
/* End XCBuildConfiguration section */

/* Begin XCConfigurationList section */
		8449DD981CDC342A0011A3A0 /* Build configuration list for PBXProject "ShoppingCart" */ = {
			isa = XCConfigurationList;
			buildConfigurations = (
				8449DDC81CDC342A0011A3A0 /* Debug */,
				8449DDC91CDC342A0011A3A0 /* Release */,
			);
			defaultConfigurationIsVisible = 0;
			defaultConfigurationName = Release;
		};
		8449DDCA1CDC342A0011A3A0 /* Build configuration list for PBXNativeTarget "ShoppingCart" */ = {
			isa = XCConfigurationList;
			buildConfigurations = (
				8449DDCB1CDC342A0011A3A0 /* Debug */,
				8449DDCC1CDC342A0011A3A0 /* Release */,
			);
			defaultConfigurationIsVisible = 0;
		};
		8449DDCD1CDC342A0011A3A0 /* Build configuration list for PBXNativeTarget "ShoppingCartTests" */ = {
			isa = XCConfigurationList;
			buildConfigurations = (
				8449DDCE1CDC342A0011A3A0 /* Debug */,
				8449DDCF1CDC342A0011A3A0 /* Release */,
			);
			defaultConfigurationIsVisible = 0;
		};
		8449DDD01CDC342A0011A3A0 /* Build configuration list for PBXNativeTarget "ShoppingCartUITests" */ = {
			isa = XCConfigurationList;
			buildConfigurations = (
				8449DDD11CDC342A0011A3A0 /* Debug */,
				8449DDD21CDC342A0011A3A0 /* Release */,
			);
			defaultConfigurationIsVisible = 0;
		};
/* End XCConfigurationList section */
	};
	rootObject = 8449DD951CDC342A0011A3A0 /* Project object */;
}
